
Microsoft Visual Studio Solution File, Format Version 12.00
# Visual Studio Version 16
VisualStudioVersion = 16.0.32126.315
MinimumVisualStudioVersion = 10.0.40219.1
Project("{FAE04EC0-301F-11D3-BF4B-00C04F79EFBC}") = "Aula05", "Aula05.csproj", "{A083C841-0C48-46CF-955D-A90317B10184}"
EndProject
Global
	GlobalSection(SolutionConfigurationPlatforms) = preSolution
		Debug|Any CPU = Debug|Any CPU
		Release|Any CPU = Release|Any CPU
	EndGlobalSection
	GlobalSection(ProjectConfigurationPlatforms) = postSolution
		{A083C841-0C48-46CF-955D-A90317B10184}.Debug|Any CPU.ActiveCfg = Debug|Any CPU
		{A083C841-0C48-46CF-955D-A90317B10184}.Debug|Any CPU.Build.0 = Debug|Any CPU
		{A083C841-0C48-46CF-955D-A90317B10184}.Release|Any CPU.ActiveCfg = Release|Any CPU
		{A083C841-0C48-46CF-955D-A90317B10184}.Release|Any CPU.Build.0 = Release|Any CPU
	EndGlobalSection
	GlobalSection(SolutionProperties) = preSolution
		HideSolutionNode = FALSE
	EndGlobalSection
	GlobalSection(ExtensibilityGlobals) = postSolution
		SolutionGuid = {32258AEF-0BEE-4351-9E68-9FE114F71E9E}
	EndGlobalSection
EndGlobal
